
Microsoft Visual Studio Solution File, Format Version 12.00
Project("{FAE04EC0-301F-11D3-BF4B-00C04F79EFBC}") = "Behavior-risk-UI", "Behavior-risk-UI\Behavior-risk-UI.csproj", "{FAE64542-FD5D-4DC9-8117-C0D5813B67FC}"
EndProject
Global
	GlobalSection(SolutionConfigurationPlatforms) = preSolution
		Debug|Any CPU = Debug|Any CPU
		Release|Any CPU = Release|Any CPU
	EndGlobalSection
	GlobalSection(ProjectConfigurationPlatforms) = postSolution
		{FAE64542-FD5D-4DC9-8117-C0D5813B67FC}.Debug|Any CPU.ActiveCfg = Debug|Any CPU
		{FAE64542-FD5D-4DC9-8117-C0D5813B67FC}.Debug|Any CPU.Build.0 = Debug|Any CPU
		{FAE64542-FD5D-4DC9-8117-C0D5813B67FC}.Release|Any CPU.ActiveCfg = Release|Any CPU
		{FAE64542-FD5D-4DC9-8117-C0D5813B67FC}.Release|Any CPU.Build.0 = Release|Any CPU
	EndGlobalSection
EndGlobal
